
Microsoft Visual Studio Solution File, Format Version 12.00
# Visual Studio Version 16
VisualStudioVersion = 16.0.31105.61
MinimumVisualStudioVersion = 10.0.40219.1
Project("{FAE04EC0-301F-11D3-BF4B-00C04F79EFBC}") = "UI_Automation", "UI_Automation.csproj", "{3B465B2C-74CB-43F9-BA14-6A6ED6EF8D44}"
EndProject
Global
	GlobalSection(SolutionConfigurationPlatforms) = preSolution
		Debug|Any CPU = Debug|Any CPU
		Release|Any CPU = Release|Any CPU
	EndGlobalSection
	GlobalSection(ProjectConfigurationPlatforms) = postSolution
		{3B465B2C-74CB-43F9-BA14-6A6ED6EF8D44}.Debug|Any CPU.ActiveCfg = Debug|Any CPU
		{3B465B2C-74CB-43F9-BA14-6A6ED6EF8D44}.Debug|Any CPU.Build.0 = Debug|Any CPU
		{3B465B2C-74CB-43F9-BA14-6A6ED6EF8D44}.Release|Any CPU.ActiveCfg = Release|Any CPU
		{3B465B2C-74CB-43F9-BA14-6A6ED6EF8D44}.Release|Any CPU.Build.0 = Release|Any CPU
	EndGlobalSection
	GlobalSection(SolutionProperties) = preSolution
		HideSolutionNode = FALSE
	EndGlobalSection
	GlobalSection(ExtensibilityGlobals) = postSolution
		SolutionGuid = {0B023471-D9DD-4BC9-A575-E17BE08F8379}
	EndGlobalSection
EndGlobal
